// !$*UTF8*$!
{
	archiveVersion = 1;
	classes = {
	};
	objectVersion = 46;
	objects = {

/* Begin PBXBuildFile section */
		59015ADB16E6A88000FDA4E0 /* popover-arrow.png in Resources */ = {isa = PBXBuildFile; fileRef = 59015AD916E6A88000FDA4E0 /* popover-arrow.png */; };
		59015ADC16E6A88000FDA4E0 /* popover-bg.png in Resources */ = {isa = PBXBuildFile; fileRef = 59015ADA16E6A88000FDA4E0 /* popover-bg.png */; };
		59096E0C16E74DB200F9B970 /* Student.m in Sources */ = {isa = PBXBuildFile; fileRef = 59096E0B16E74DB200F9B970 /* Student.m */; };
		59096E0F16E74EEA00F9B970 /* Section.m in Sources */ = {isa = PBXBuildFile; fileRef = 59096E0E16E74EEA00F9B970 /* Section.m */; };
		59096E1216E74EF800F9B970 /* User.m in Sources */ = {isa = PBXBuildFile; fileRef = 59096E1116E74EF800F9B970 /* User.m */; };
		592342C416E5586C008E4AEE /* main.m in Sources */ = {isa = PBXBuildFile; fileRef = 592342C216E5586C008E4AEE /* main.m */; };
		592342CC16E558FD008E4AEE /* AppDelegate.m in Sources */ = {isa = PBXBuildFile; fileRef = 592342CB16E558FD008E4AEE /* AppDelegate.m */; };
		5923433816E55970008E4AEE /* AFHTTPClient.m in Sources */ = {isa = PBXBuildFile; fileRef = 5923431016E55970008E4AEE /* AFHTTPClient.m */; };
		5923433916E55970008E4AEE /* AFHTTPRequestOperation.m in Sources */ = {isa = PBXBuildFile; fileRef = 5923431216E55970008E4AEE /* AFHTTPRequestOperation.m */; };
		5923433A16E55970008E4AEE /* AFImageRequestOperation.m in Sources */ = {isa = PBXBuildFile; fileRef = 5923431416E55970008E4AEE /* AFImageRequestOperation.m */; };
		5923433B16E55970008E4AEE /* AFJSONRequestOperation.m in Sources */ = {isa = PBXBuildFile; fileRef = 5923431616E55970008E4AEE /* AFJSONRequestOperation.m */; };
		5923433C16E55970008E4AEE /* AFNetworkActivityIndicatorManager.m in Sources */ = {isa = PBXBuildFile; fileRef = 5923431816E55970008E4AEE /* AFNetworkActivityIndicatorManager.m */; };
		5923433D16E55970008E4AEE /* AFPropertyListRequestOperation.m in Sources */ = {isa = PBXBuildFile; fileRef = 5923431B16E55970008E4AEE /* AFPropertyListRequestOperation.m */; };
		5923433E16E55970008E4AEE /* AFURLConnectionOperation.m in Sources */ = {isa = PBXBuildFile; fileRef = 5923431D16E55970008E4AEE /* AFURLConnectionOperation.m */; };
		5923433F16E55970008E4AEE /* AFXMLRequestOperation.m in Sources */ = {isa = PBXBuildFile; fileRef = 5923431F16E55970008E4AEE /* AFXMLRequestOperation.m */; };
		5923434016E55970008E4AEE /* UIImageView+AFNetworking.m in Sources */ = {isa = PBXBuildFile; fileRef = 5923432116E55970008E4AEE /* UIImageView+AFNetworking.m */; };
		5923434116E55970008E4AEE /* SBJsonParser.m in Sources */ = {isa = PBXBuildFile; fileRef = 5923432516E55970008E4AEE /* SBJsonParser.m */; };
		5923434216E55970008E4AEE /* SBJsonStreamParser.m in Sources */ = {isa = PBXBuildFile; fileRef = 5923432716E55970008E4AEE /* SBJsonStreamParser.m */; };
		5923434316E55970008E4AEE /* SBJsonStreamParserAccumulator.m in Sources */ = {isa = PBXBuildFile; fileRef = 5923432916E55970008E4AEE /* SBJsonStreamParserAccumulator.m */; };
		5923434416E55970008E4AEE /* SBJsonStreamParserAdapter.m in Sources */ = {isa = PBXBuildFile; fileRef = 5923432B16E55970008E4AEE /* SBJsonStreamParserAdapter.m */; };
		5923434516E55970008E4AEE /* SBJsonStreamParserState.m in Sources */ = {isa = PBXBuildFile; fileRef = 5923432D16E55970008E4AEE /* SBJsonStreamParserState.m */; };
		5923434616E55970008E4AEE /* SBJsonStreamTokeniser.m in Sources */ = {isa = PBXBuildFile; fileRef = 5923432F16E55970008E4AEE /* SBJsonStreamTokeniser.m */; };
		5923434716E55970008E4AEE /* SBJsonStreamWriter.m in Sources */ = {isa = PBXBuildFile; fileRef = 5923433116E55970008E4AEE /* SBJsonStreamWriter.m */; };
		5923434816E55970008E4AEE /* SBJsonStreamWriterAccumulator.m in Sources */ = {isa = PBXBuildFile; fileRef = 5923433316E55970008E4AEE /* SBJsonStreamWriterAccumulator.m */; };
		5923434916E55970008E4AEE /* SBJsonStreamWriterState.m in Sources */ = {isa = PBXBuildFile; fileRef = 5923433516E55970008E4AEE /* SBJsonStreamWriterState.m */; };
		5923434A16E55970008E4AEE /* SBJsonWriter.m in Sources */ = {isa = PBXBuildFile; fileRef = 5923433716E55970008E4AEE /* SBJsonWriter.m */; };
		5923435116E5598B008E4AEE /* InBloomAPIHandler.m in Sources */ = {isa = PBXBuildFile; fileRef = 5923434D16E5598B008E4AEE /* InBloomAPIHandler.m */; };
		5923436216E559B1008E4AEE /* DashboardViewController.m in Sources */ = {isa = PBXBuildFile; fileRef = 5923435516E559B1008E4AEE /* DashboardViewController.m */; };
		5923436316E559B1008E4AEE /* LoginViewController.m in Sources */ = {isa = PBXBuildFile; fileRef = 5923435716E559B1008E4AEE /* LoginViewController.m */; };
		5923436616E559B1008E4AEE /* TeacherDashboardViewController.m in Sources */ = {isa = PBXBuildFile; fileRef = 5923435C16E559B1008E4AEE /* TeacherDashboardViewController.m */; };
		5923436816E559B1008E4AEE /* LoginView.xib in Resources */ = {isa = PBXBuildFile; fileRef = 5923435F16E559B1008E4AEE /* LoginView.xib */; };
		5923436A16E559B1008E4AEE /* TeacherDashboardView.xib in Resources */ = {isa = PBXBuildFile; fileRef = 5923436116E559B1008E4AEE /* TeacherDashboardView.xib */; };
		5923590916E59B07008CD31F /* UserHandler.m in Sources */ = {isa = PBXBuildFile; fileRef = 5923590816E59B06008CD31F /* UserHandler.m */; };
		5923590B16E5B8F1008CD31F /* classcart-logo@2x.png in Resources */ = {isa = PBXBuildFile; fileRef = 5923590A16E5B8F1008CD31F /* classcart-logo@2x.png */; };
		5923590E16E5BB04008CD31F /* nav-bg.png in Resources */ = {isa = PBXBuildFile; fileRef = 5923590C16E5BB04008CD31F /* nav-bg.png */; };
		5923590F16E5BB04008CD31F /* nav-bg@2x.png in Resources */ = {isa = PBXBuildFile; fileRef = 5923590D16E5BB04008CD31F /* nav-bg@2x.png */; };
		5923591216E5E0D2008CD31F /* photo-bg.png in Resources */ = {isa = PBXBuildFile; fileRef = 5923591016E5E0D2008CD31F /* photo-bg.png */; };
		5923591316E5E0D2008CD31F /* photo-bg@2x.png in Resources */ = {isa = PBXBuildFile; fileRef = 5923591116E5E0D2008CD31F /* photo-bg@2x.png */; };
		5923591516E5E846008CD31F /* stock-img.jpg in Resources */ = {isa = PBXBuildFile; fileRef = 5923591416E5E846008CD31F /* stock-img.jpg */; };
		5980FA2E16E697D100213F67 /* ClassesPopoverBackgroundView.m in Sources */ = {isa = PBXBuildFile; fileRef = 5980FA2D16E697D100213F67 /* ClassesPopoverBackgroundView.m */; };
		59AD0E9C16E7651700C612DE /* Quicksand_Bold.otf in Resources */ = {isa = PBXBuildFile; fileRef = 59AD0E9B16E7651700C612DE /* Quicksand_Bold.otf */; };
		59AD0E9F16E76CF200C612DE /* StudentsViewController.m in Sources */ = {isa = PBXBuildFile; fileRef = 59AD0E9E16E76CF200C612DE /* StudentsViewController.m */; };
		59D722BF16E57A5F002D6B0A /* WebViewController.m in Sources */ = {isa = PBXBuildFile; fileRef = 59D722BE16E57A5F002D6B0A /* WebViewController.m */; };
		7C09404016E5656500055283 /* QuartzCore.framework in Frameworks */ = {isa = PBXBuildFile; fileRef = 7C09403E16E5655600055283 /* QuartzCore.framework */; };
		7C09404516E5658200055283 /* OpenGLES.framework in Frameworks */ = {isa = PBXBuildFile; fileRef = 7C09404116E5656F00055283 /* OpenGLES.framework */; };
		7C09404616E5658700055283 /* Security.framework in Frameworks */ = {isa = PBXBuildFile; fileRef = 7C09404316E5657500055283 /* Security.framework */; };
		7C113EA116E535FA005C0B65 /* UIKit.framework in Frameworks */ = {isa = PBXBuildFile; fileRef = 7C113EA016E535FA005C0B65 /* UIKit.framework */; };
		7C113EA316E535FA005C0B65 /* Foundation.framework in Frameworks */ = {isa = PBXBuildFile; fileRef = 7C113EA216E535FA005C0B65 /* Foundation.framework */; };
		7C113EA516E535FA005C0B65 /* CoreGraphics.framework in Frameworks */ = {isa = PBXBuildFile; fileRef = 7C113EA416E535FA005C0B65 /* CoreGraphics.framework */; };
		7C113EA716E535FA005C0B65 /* CoreData.framework in Frameworks */ = {isa = PBXBuildFile; fileRef = 7C113EA616E535FA005C0B65 /* CoreData.framework */; };
		7C113EC516E535FA005C0B65 /* UIKit.framework in Frameworks */ = {isa = PBXBuildFile; fileRef = 7C113EA016E535FA005C0B65 /* UIKit.framework */; };
		7C113EC616E535FA005C0B65 /* Foundation.framework in Frameworks */ = {isa = PBXBuildFile; fileRef = 7C113EA216E535FA005C0B65 /* Foundation.framework */; };
		7C113EC716E535FA005C0B65 /* CoreData.framework in Frameworks */ = {isa = PBXBuildFile; fileRef = 7C113EA616E535FA005C0B65 /* CoreData.framework */; };
		7C36688816E566BA0085FDBB /* ShinobiCharts.framework in Frameworks */ = {isa = PBXBuildFile; fileRef = 7C36688616E566A70085FDBB /* ShinobiCharts.framework */; };
		7C36689416E58F230085FDBB /* ShinobiChart+LineChart.m in Sources */ = {isa = PBXBuildFile; fileRef = 7C36689016E58F230085FDBB /* ShinobiChart+LineChart.m */; };
		7C36689516E58F230085FDBB /* StudentData.m in Sources */ = {isa = PBXBuildFile; fileRef = 7C36689216E58F230085FDBB /* StudentData.m */; };
		7C68CB0216E5638600CD4AAC /* Default-Landscape@2x~ipad.png in Resources */ = {isa = PBXBuildFile; fileRef = 7C68CB0016E5638600CD4AAC /* Default-Landscape@2x~ipad.png */; };
		7C68CB0316E5638600CD4AAC /* Default-Landscape~ipad.png in Resources */ = {isa = PBXBuildFile; fileRef = 7C68CB0116E5638600CD4AAC /* Default-Landscape~ipad.png */; };
		7C765CE816E76C6800721AAD /* InterventionView.m in Sources */ = {isa = PBXBuildFile; fileRef = 7C765CE716E76C6800721AAD /* InterventionView.m */; };
		7C765CEB16E76F1900721AAD /* InterventionTableViewCell.m in Sources */ = {isa = PBXBuildFile; fileRef = 7C765CEA16E76F1900721AAD /* InterventionTableViewCell.m */; };
		7CAF48C816E55D5B004931D5 /* PhotoView.m in Sources */ = {isa = PBXBuildFile; fileRef = 7CAF48C716E55D5B004931D5 /* PhotoView.m */; };
		7CAF48CB16E55D72004931D5 /* GraphView.m in Sources */ = {isa = PBXBuildFile; fileRef = 7CAF48CA16E55D72004931D5 /* GraphView.m */; };
		7CAF48CE16E55D89004931D5 /* FeedbackView.m in Sources */ = {isa = PBXBuildFile; fileRef = 7CAF48CD16E55D89004931D5 /* FeedbackView.m */; };
		7CAF48D116E55D9A004931D5 /* CommentView.m in Sources */ = {isa = PBXBuildFile; fileRef = 7CAF48D016E55D9A004931D5 /* CommentView.m */; };
		7CAF48D416E55DA6004931D5 /* NotificationView.m in Sources */ = {isa = PBXBuildFile; fileRef = 7CAF48D316E55DA6004931D5 /* NotificationView.m */; };
		7CAF48DF16E55E88004931D5 /* Adamas-Regular.otf in Resources */ = {isa = PBXBuildFile; fileRef = 7CAF48D616E55E88004931D5 /* Adamas-Regular.otf */; };
		7CAF48E016E55E88004931D5 /* Quicksand_Book.otf in Resources */ = {isa = PBXBuildFile; fileRef = 7CAF48D716E55E88004931D5 /* Quicksand_Book.otf */; };
		7CAF48E116E55E88004931D5 /* Quicksand_Light.otf in Resources */ = {isa = PBXBuildFile; fileRef = 7CAF48D816E55E88004931D5 /* Quicksand_Light.otf */; };
		7CAF48E216E55E88004931D5 /* classcart-logo.png in Resources */ = {isa = PBXBuildFile; fileRef = 7CAF48DA16E55E88004931D5 /* classcart-logo.png */; };
		7CAF48E616E55E88004931D5 /* login-logo.png in Resources */ = {isa = PBXBuildFile; fileRef = 7CAF48DE16E55E88004931D5 /* login-logo.png */; };
		7CAF841516E6A8D300C0212D /* haku@2x.png in Resources */ = {isa = PBXBuildFile; fileRef = 7CAF841416E6A8D300C0212D /* haku@2x.png */; };
		7CAF841816E6A9DA00C0212D /* temp2@2x.png in Resources */ = {isa = PBXBuildFile; fileRef = 7CAF841616E6A9DA00C0212D /* temp2@2x.png */; };
		7CAF841916E6A9DA00C0212D /* temp3@2x.png in Resources */ = {isa = PBXBuildFile; fileRef = 7CAF841716E6A9DA00C0212D /* temp3@2x.png */; };
		7CBAB0FA16E5C25E0047A2E3 /* Icon.png in Resources */ = {isa = PBXBuildFile; fileRef = 7CBAB0F716E5C25E0047A2E3 /* Icon.png */; };
		7CBAB0FB16E5C25E0047A2E3 /* Icon@2x.png in Resources */ = {isa = PBXBuildFile; fileRef = 7CBAB0F816E5C25E0047A2E3 /* Icon@2x.png */; };
		7CBAB0FC16E5C25E0047A2E3 /* login-logo@2x.png in Resources */ = {isa = PBXBuildFile; fileRef = 7CBAB0F916E5C25E0047A2E3 /* login-logo@2x.png */; };
		7CBAB0FF16E5C48A0047A2E3 /* ShinobiChart+PieCharts.m in Sources */ = {isa = PBXBuildFile; fileRef = 7CBAB0FE16E5C48A0047A2E3 /* ShinobiChart+PieCharts.m */; };
		7CBAB10616E5C5CC0047A2E3 /* FeedbackData.m in Sources */ = {isa = PBXBuildFile; fileRef = 7CBAB10516E5C5CC0047A2E3 /* FeedbackData.m */; };
		7CBAB10916E5FEF80047A2E3 /* CommentTableViewCell.m in Sources */ = {isa = PBXBuildFile; fileRef = 7CBAB10816E5FEF70047A2E3 /* CommentTableViewCell.m */; };
		7CBAB10B16E604FC0047A2E3 /* temp@2x.png in Resources */ = {isa = PBXBuildFile; fileRef = 7CBAB10A16E604FC0047A2E3 /* temp@2x.png */; };
		7CBAB10D16E66D850047A2E3 /* itemstars-4.png in Resources */ = {isa = PBXBuildFile; fileRef = 7CBAB10C16E66D850047A2E3 /* itemstars-4.png */; };
		7CBAB11016E66FCA0047A2E3 /* itemstars-3.png in Resources */ = {isa = PBXBuildFile; fileRef = 7CBAB10E16E66FCA0047A2E3 /* itemstars-3.png */; };
		7CBAB11116E66FCA0047A2E3 /* itemstars-5.png in Resources */ = {isa = PBXBuildFile; fileRef = 7CBAB10F16E66FCA0047A2E3 /* itemstars-5.png */; };
		7CBAB11316E6729A0047A2E3 /* itemstars-5@2x.png in Resources */ = {isa = PBXBuildFile; fileRef = 7CBAB11216E6729A0047A2E3 /* itemstars-5@2x.png */; };
		7CBAB11616E67DFC0047A2E3 /* NotificationTableViewCell.m in Sources */ = {isa = PBXBuildFile; fileRef = 7CBAB11516E67DFC0047A2E3 /* NotificationTableViewCell.m */; };
		7CBAB11916E683860047A2E3 /* star@2x.png in Resources */ = {isa = PBXBuildFile; fileRef = 7CBAB11716E683860047A2E3 /* star@2x.png */; };
		7CBAB11A16E683860047A2E3 /* warning@2x.png in Resources */ = {isa = PBXBuildFile; fileRef = 7CBAB11816E683860047A2E3 /* warning@2x.png */; };
		7CBAB12016E697F30047A2E3 /* GradeView.m in Sources */ = {isa = PBXBuildFile; fileRef = 7CBAB11F16E697F20047A2E3 /* GradeView.m */; };
		7CBAB12616E69EC40047A2E3 /* StudentDashboardViewController.m in Sources */ = {isa = PBXBuildFile; fileRef = 7CBAB12516E69EC40047A2E3 /* StudentDashboardViewController.m */; };
		7CE7CD1616E77494005D5B5E /* StudentGraphView.m in Sources */ = {isa = PBXBuildFile; fileRef = 7CE7CD1516E77494005D5B5E /* StudentGraphView.m */; };
		7CE7CD1916E7750B005D5B5E /* SingleStudentData.m in Sources */ = {isa = PBXBuildFile; fileRef = 7CE7CD1816E7750B005D5B5E /* SingleStudentData.m */; };
		7CE7CD1D16E78229005D5B5E /* intervention1.png in Resources */ = {isa = PBXBuildFile; fileRef = 7CE7CD1A16E78229005D5B5E /* intervention1.png */; };
		7CE7CD1E16E78229005D5B5E /* intervention2.png in Resources */ = {isa = PBXBuildFile; fileRef = 7CE7CD1B16E78229005D5B5E /* intervention2.png */; };
		7CE7CD1F16E78229005D5B5E /* intervention3.png in Resources */ = {isa = PBXBuildFile; fileRef = 7CE7CD1C16E78229005D5B5E /* intervention3.png */; };
/* End PBXBuildFile section */

/* Begin PBXContainerItemProxy section */
		7C113EC816E535FA005C0B65 /* PBXContainerItemProxy */ = {
			isa = PBXContainerItemProxy;
			containerPortal = 7C113E9516E535FA005C0B65 /* Project object */;
			proxyType = 1;
			remoteGlobalIDString = 7C113E9C16E535FA005C0B65;
			remoteInfo = ClassCartography;
		};
/* End PBXContainerItemProxy section */

/* Begin PBXFileReference section */
		59015AD916E6A88000FDA4E0 /* popover-arrow.png */ = {isa = PBXFileReference; lastKnownFileType = image.png; path = "popover-arrow.png"; sourceTree = "<group>"; };
		59015ADA16E6A88000FDA4E0 /* popover-bg.png */ = {isa = PBXFileReference; lastKnownFileType = image.png; path = "popover-bg.png"; sourceTree = "<group>"; };
		59096E0A16E74DB200F9B970 /* Student.h */ = {isa = PBXFileReference; fileEncoding = 4; lastKnownFileType = sourcecode.c.h; path = Student.h; sourceTree = "<group>"; };
		59096E0B16E74DB200F9B970 /* Student.m */ = {isa = PBXFileReference; fileEncoding = 4; lastKnownFileType = sourcecode.c.objc; path = Student.m; sourceTree = "<group>"; };
		59096E0D16E74EEA00F9B970 /* Section.h */ = {isa = PBXFileReference; fileEncoding = 4; lastKnownFileType = sourcecode.c.h; path = Section.h; sourceTree = "<group>"; };
		59096E0E16E74EEA00F9B970 /* Section.m */ = {isa = PBXFileReference; fileEncoding = 4; lastKnownFileType = sourcecode.c.objc; path = Section.m; sourceTree = "<group>"; };
		59096E1016E74EF800F9B970 /* User.h */ = {isa = PBXFileReference; fileEncoding = 4; lastKnownFileType = sourcecode.c.h; path = User.h; sourceTree = "<group>"; };
		59096E1116E74EF800F9B970 /* User.m */ = {isa = PBXFileReference; fileEncoding = 4; lastKnownFileType = sourcecode.c.objc; path = User.m; sourceTree = "<group>"; };
		5923429016E5545C008E4AEE /* ClassCartographyTests-Info.plist */ = {isa = PBXFileReference; fileEncoding = 4; lastKnownFileType = text.plist.xml; path = "ClassCartographyTests-Info.plist"; sourceTree = "<group>"; };
		5923429416E5545C008E4AEE /* en */ = {isa = PBXFileReference; lastKnownFileType = text.plist.strings; name = en; path = en.lproj/InfoPlist.strings; sourceTree = "<group>"; };
		592342BA16E557C0008E4AEE /* ClassCartography.xcdatamodel */ = {isa = PBXFileReference; lastKnownFileType = wrapper.xcdatamodel; path = ClassCartography.xcdatamodel; sourceTree = "<group>"; };
		592342C016E5586C008E4AEE /* ClassCartography-Info.plist */ = {isa = PBXFileReference; fileEncoding = 4; lastKnownFileType = text.plist.xml; path = "ClassCartography-Info.plist"; sourceTree = "<group>"; };
		592342C116E5586C008E4AEE /* ClassCartography-Prefix.pch */ = {isa = PBXFileReference; fileEncoding = 4; lastKnownFileType = sourcecode.c.h; path = "ClassCartography-Prefix.pch"; sourceTree = "<group>"; };
		592342C216E5586C008E4AEE /* main.m */ = {isa = PBXFileReference; fileEncoding = 4; lastKnownFileType = sourcecode.c.objc; path = main.m; sourceTree = "<group>"; };
		592342C816E558C1008E4AEE /* en */ = {isa = PBXFileReference; lastKnownFileType = text.plist.strings; name = en; path = en.lproj/InfoPlist.strings; sourceTree = "<group>"; };
		592342CA16E558FD008E4AEE /* AppDelegate.h */ = {isa = PBXFileReference; fileEncoding = 4; lastKnownFileType = sourcecode.c.h; name = AppDelegate.h; path = Classes/AppDelegate.h; sourceTree = "<group>"; };
		592342CB16E558FD008E4AEE /* AppDelegate.m */ = {isa = PBXFileReference; fileEncoding = 4; lastKnownFileType = sourcecode.c.objc; name = AppDelegate.m; path = Classes/AppDelegate.m; sourceTree = "<group>"; };
		5923430F16E55970008E4AEE /* AFHTTPClient.h */ = {isa = PBXFileReference; fileEncoding = 4; lastKnownFileType = sourcecode.c.h; path = AFHTTPClient.h; sourceTree = "<group>"; };
		5923431016E55970008E4AEE /* AFHTTPClient.m */ = {isa = PBXFileReference; fileEncoding = 4; lastKnownFileType = sourcecode.c.objc; path = AFHTTPClient.m; sourceTree = "<group>"; };
		5923431116E55970008E4AEE /* AFHTTPRequestOperation.h */ = {isa = PBXFileReference; fileEncoding = 4; lastKnownFileType = sourcecode.c.h; path = AFHTTPRequestOperation.h; sourceTree = "<group>"; };
		5923431216E55970008E4AEE /* AFHTTPRequestOperation.m */ = {isa = PBXFileReference; fileEncoding = 4; lastKnownFileType = sourcecode.c.objc; path = AFHTTPRequestOperation.m; sourceTree = "<group>"; };
		5923431316E55970008E4AEE /* AFImageRequestOperation.h */ = {isa = PBXFileReference; fileEncoding = 4; lastKnownFileType = sourcecode.c.h; path = AFImageRequestOperation.h; sourceTree = "<group>"; };
		5923431416E55970008E4AEE /* AFImageRequestOperation.m */ = {isa = PBXFileReference; fileEncoding = 4; lastKnownFileType = sourcecode.c.objc; path = AFImageRequestOperation.m; sourceTree = "<group>"; };
		5923431516E55970008E4AEE /* AFJSONRequestOperation.h */ = {isa = PBXFileReference; fileEncoding = 4; lastKnownFileType = sourcecode.c.h; path = AFJSONRequestOperation.h; sourceTree = "<group>"; };
		5923431616E55970008E4AEE /* AFJSONRequestOperation.m */ = {isa = PBXFileReference; fileEncoding = 4; lastKnownFileType = sourcecode.c.objc; path = AFJSONRequestOperation.m; sourceTree = "<group>"; };
		5923431716E55970008E4AEE /* AFNetworkActivityIndicatorManager.h */ = {isa = PBXFileReference; fileEncoding = 4; lastKnownFileType = sourcecode.c.h; path = AFNetworkActivityIndicatorManager.h; sourceTree = "<group>"; };
		5923431816E55970008E4AEE /* AFNetworkActivityIndicatorManager.m */ = {isa = PBXFileReference; fileEncoding = 4; lastKnownFileType = sourcecode.c.objc; path = AFNetworkActivityIndicatorManager.m; sourceTree = "<group>"; };
		5923431916E55970008E4AEE /* AFNetworking.h */ = {isa = PBXFileReference; fileEncoding = 4; lastKnownFileType = sourcecode.c.h; path = AFNetworking.h; sourceTree = "<group>"; };
		5923431A16E55970008E4AEE /* AFPropertyListRequestOperation.h */ = {isa = PBXFileReference; fileEncoding = 4; lastKnownFileType = sourcecode.c.h; path = AFPropertyListRequestOperation.h; sourceTree = "<group>"; };
		5923431B16E55970008E4AEE /* AFPropertyListRequestOperation.m */ = {isa = PBXFileReference; fileEncoding = 4; lastKnownFileType = sourcecode.c.objc; path = AFPropertyListRequestOperation.m; sourceTree = "<group>"; };
		5923431C16E55970008E4AEE /* AFURLConnectionOperation.h */ = {isa = PBXFileReference; fileEncoding = 4; lastKnownFileType = sourcecode.c.h; path = AFURLConnectionOperation.h; sourceTree = "<group>"; };
		5923431D16E55970008E4AEE /* AFURLConnectionOperation.m */ = {isa = PBXFileReference; fileEncoding = 4; lastKnownFileType = sourcecode.c.objc; path = AFURLConnectionOperation.m; sourceTree = "<group>"; };
		5923431E16E55970008E4AEE /* AFXMLRequestOperation.h */ = {isa = PBXFileReference; fileEncoding = 4; lastKnownFileType = sourcecode.c.h; path = AFXMLRequestOperation.h; sourceTree = "<group>"; };
		5923431F16E55970008E4AEE /* AFXMLRequestOperation.m */ = {isa = PBXFileReference; fileEncoding = 4; lastKnownFileType = sourcecode.c.objc; path = AFXMLRequestOperation.m; sourceTree = "<group>"; };
		5923432016E55970008E4AEE /* UIImageView+AFNetworking.h */ = {isa = PBXFileReference; fileEncoding = 4; lastKnownFileType = sourcecode.c.h; path = "UIImageView+AFNetworking.h"; sourceTree = "<group>"; };
		5923432116E55970008E4AEE /* UIImageView+AFNetworking.m */ = {isa = PBXFileReference; fileEncoding = 4; lastKnownFileType = sourcecode.c.objc; path = "UIImageView+AFNetworking.m"; sourceTree = "<group>"; };
		5923432316E55970008E4AEE /* SBJson.h */ = {isa = PBXFileReference; fileEncoding = 4; lastKnownFileType = sourcecode.c.h; path = SBJson.h; sourceTree = "<group>"; };
		5923432416E55970008E4AEE /* SBJsonParser.h */ = {isa = PBXFileReference; fileEncoding = 4; lastKnownFileType = sourcecode.c.h; path = SBJsonParser.h; sourceTree = "<group>"; };
		5923432516E55970008E4AEE /* SBJsonParser.m */ = {isa = PBXFileReference; fileEncoding = 4; lastKnownFileType = sourcecode.c.objc; path = SBJsonParser.m; sourceTree = "<group>"; };
		5923432616E55970008E4AEE /* SBJsonStreamParser.h */ = {isa = PBXFileReference; fileEncoding = 4; lastKnownFileType = sourcecode.c.h; path = SBJsonStreamParser.h; sourceTree = "<group>"; };
		5923432716E55970008E4AEE /* SBJsonStreamParser.m */ = {isa = PBXFileReference; fileEncoding = 4; lastKnownFileType = sourcecode.c.objc; path = SBJsonStreamParser.m; sourceTree = "<group>"; };
		5923432816E55970008E4AEE /* SBJsonStreamParserAccumulator.h */ = {isa = PBXFileReference; fileEncoding = 4; lastKnownFileType = sourcecode.c.h; path = SBJsonStreamParserAccumulator.h; sourceTree = "<group>"; };
		5923432916E55970008E4AEE /* SBJsonStreamParserAccumulator.m */ = {isa = PBXFileReference; fileEncoding = 4; lastKnownFileType = sourcecode.c.objc; path = SBJsonStreamParserAccumulator.m; sourceTree = "<group>"; };
		5923432A16E55970008E4AEE /* SBJsonStreamParserAdapter.h */ = {isa = PBXFileReference; fileEncoding = 4; lastKnownFileType = sourcecode.c.h; path = SBJsonStreamParserAdapter.h; sourceTree = "<group>"; };
		5923432B16E55970008E4AEE /* SBJsonStreamParserAdapter.m */ = {isa = PBXFileReference; fileEncoding = 4; lastKnownFileType = sourcecode.c.objc; path = SBJsonStreamParserAdapter.m; sourceTree = "<group>"; };
		5923432C16E55970008E4AEE /* SBJsonStreamParserState.h */ = {isa = PBXFileReference; fileEncoding = 4; lastKnownFileType = sourcecode.c.h; path = SBJsonStreamParserState.h; sourceTree = "<group>"; };
		5923432D16E55970008E4AEE /* SBJsonStreamParserState.m */ = {isa = PBXFileReference; fileEncoding = 4; lastKnownFileType = sourcecode.c.objc; path = SBJsonStreamParserState.m; sourceTree = "<group>"; };
		5923432E16E55970008E4AEE /* SBJsonStreamTokeniser.h */ = {isa = PBXFileReference; fileEncoding = 4; lastKnownFileType = sourcecode.c.h; path = SBJsonStreamTokeniser.h; sourceTree = "<group>"; };
		5923432F16E55970008E4AEE /* SBJsonStreamTokeniser.m */ = {isa = PBXFileReference; fileEncoding = 4; lastKnownFileType = sourcecode.c.objc; path = SBJsonStreamTokeniser.m; sourceTree = "<group>"; };
		5923433016E55970008E4AEE /* SBJsonStreamWriter.h */ = {isa = PBXFileReference; fileEncoding = 4; lastKnownFileType = sourcecode.c.h; path = SBJsonStreamWriter.h; sourceTree = "<group>"; };
		5923433116E55970008E4AEE /* SBJsonStreamWriter.m */ = {isa = PBXFileReference; fileEncoding = 4; lastKnownFileType = sourcecode.c.objc; path = SBJsonStreamWriter.m; sourceTree = "<group>"; };
		5923433216E55970008E4AEE /* SBJsonStreamWriterAccumulator.h */ = {isa = PBXFileReference; fileEncoding = 4; lastKnownFileType = sourcecode.c.h; path = SBJsonStreamWriterAccumulator.h; sourceTree = "<group>"; };
		5923433316E55970008E4AEE /* SBJsonStreamWriterAccumulator.m */ = {isa = PBXFileReference; fileEncoding = 4; lastKnownFileType = sourcecode.c.objc; path = SBJsonStreamWriterAccumulator.m; sourceTree = "<group>"; };
		5923433416E55970008E4AEE /* SBJsonStreamWriterState.h */ = {isa = PBXFileReference; fileEncoding = 4; lastKnownFileType = sourcecode.c.h; path = SBJsonStreamWriterState.h; sourceTree = "<group>"; };
		5923433516E55970008E4AEE /* SBJsonStreamWriterState.m */ = {isa = PBXFileReference; fileEncoding = 4; lastKnownFileType = sourcecode.c.objc; path = SBJsonStreamWriterState.m; sourceTree = "<group>"; };
		5923433616E55970008E4AEE /* SBJsonWriter.h */ = {isa = PBXFileReference; fileEncoding = 4; lastKnownFileType = sourcecode.c.h; path = SBJsonWriter.h; sourceTree = "<group>"; };
		5923433716E55970008E4AEE /* SBJsonWriter.m */ = {isa = PBXFileReference; fileEncoding = 4; lastKnownFileType = sourcecode.c.objc; path = SBJsonWriter.m; sourceTree = "<group>"; };
		5923434C16E5598B008E4AEE /* InBloomAPIHandler.h */ = {isa = PBXFileReference; fileEncoding = 4; lastKnownFileType = sourcecode.c.h; path = InBloomAPIHandler.h; sourceTree = "<group>"; };
		5923434D16E5598B008E4AEE /* InBloomAPIHandler.m */ = {isa = PBXFileReference; fileEncoding = 4; lastKnownFileType = sourcecode.c.objc; path = InBloomAPIHandler.m; sourceTree = "<group>"; };
		5923435416E559B1008E4AEE /* DashboardViewController.h */ = {isa = PBXFileReference; fileEncoding = 4; lastKnownFileType = sourcecode.c.h; path = DashboardViewController.h; sourceTree = "<group>"; };
		5923435516E559B1008E4AEE /* DashboardViewController.m */ = {isa = PBXFileReference; fileEncoding = 4; lastKnownFileType = sourcecode.c.objc; path = DashboardViewController.m; sourceTree = "<group>"; };
		5923435616E559B1008E4AEE /* LoginViewController.h */ = {isa = PBXFileReference; fileEncoding = 4; lastKnownFileType = sourcecode.c.h; path = LoginViewController.h; sourceTree = "<group>"; };
		5923435716E559B1008E4AEE /* LoginViewController.m */ = {isa = PBXFileReference; fileEncoding = 4; lastKnownFileType = sourcecode.c.objc; path = LoginViewController.m; sourceTree = "<group>"; };
		5923435B16E559B1008E4AEE /* TeacherDashboardViewController.h */ = {isa = PBXFileReference; fileEncoding = 4; lastKnownFileType = sourcecode.c.h; path = TeacherDashboardViewController.h; sourceTree = "<group>"; };
		5923435C16E559B1008E4AEE /* TeacherDashboardViewController.m */ = {isa = PBXFileReference; fileEncoding = 4; lastKnownFileType = sourcecode.c.objc; path = TeacherDashboardViewController.m; sourceTree = "<group>"; };
		5923435F16E559B1008E4AEE /* LoginView.xib */ = {isa = PBXFileReference; fileEncoding = 4; lastKnownFileType = file.xib; path = LoginView.xib; sourceTree = "<group>"; };
		5923436116E559B1008E4AEE /* TeacherDashboardView.xib */ = {isa = PBXFileReference; fileEncoding = 4; lastKnownFileType = file.xib; path = TeacherDashboardView.xib; sourceTree = "<group>"; };
		5923590716E59B06008CD31F /* UserHandler.h */ = {isa = PBXFileReference; fileEncoding = 4; lastKnownFileType = sourcecode.c.h; path = UserHandler.h; sourceTree = "<group>"; };
		5923590816E59B06008CD31F /* UserHandler.m */ = {isa = PBXFileReference; fileEncoding = 4; lastKnownFileType = sourcecode.c.objc; path = UserHandler.m; sourceTree = "<group>"; };
		5923590A16E5B8F1008CD31F /* classcart-logo@2x.png */ = {isa = PBXFileReference; lastKnownFileType = image.png; path = "classcart-logo@2x.png"; sourceTree = "<group>"; };
		5923590C16E5BB04008CD31F /* nav-bg.png */ = {isa = PBXFileReference; lastKnownFileType = image.png; path = "nav-bg.png"; sourceTree = "<group>"; };
		5923590D16E5BB04008CD31F /* nav-bg@2x.png */ = {isa = PBXFileReference; lastKnownFileType = image.png; path = "nav-bg@2x.png"; sourceTree = "<group>"; };
		5923591016E5E0D2008CD31F /* photo-bg.png */ = {isa = PBXFileReference; lastKnownFileType = image.png; path = "photo-bg.png"; sourceTree = "<group>"; };
		5923591116E5E0D2008CD31F /* photo-bg@2x.png */ = {isa = PBXFileReference; lastKnownFileType = image.png; path = "photo-bg@2x.png"; sourceTree = "<group>"; };
		5923591416E5E846008CD31F /* stock-img.jpg */ = {isa = PBXFileReference; lastKnownFileType = image.jpeg; path = "stock-img.jpg"; sourceTree = "<group>"; };
		5980FA2C16E697D100213F67 /* ClassesPopoverBackgroundView.h */ = {isa = PBXFileReference; fileEncoding = 4; lastKnownFileType = sourcecode.c.h; name = ClassesPopoverBackgroundView.h; path = ../Objects/ClassesPopoverBackgroundView.h; sourceTree = "<group>"; };
		5980FA2D16E697D100213F67 /* ClassesPopoverBackgroundView.m */ = {isa = PBXFileReference; fileEncoding = 4; lastKnownFileType = sourcecode.c.objc; name = ClassesPopoverBackgroundView.m; path = ../Objects/ClassesPopoverBackgroundView.m; sourceTree = "<group>"; };
		59AD0E9B16E7651700C612DE /* Quicksand_Bold.otf */ = {isa = PBXFileReference; lastKnownFileType = file; path = Quicksand_Bold.otf; sourceTree = "<group>"; };
		59AD0E9D16E76CF200C612DE /* StudentsViewController.h */ = {isa = PBXFileReference; fileEncoding = 4; lastKnownFileType = sourcecode.c.h; path = StudentsViewController.h; sourceTree = "<group>"; };
		59AD0E9E16E76CF200C612DE /* StudentsViewController.m */ = {isa = PBXFileReference; fileEncoding = 4; lastKnownFileType = sourcecode.c.objc; path = StudentsViewController.m; sourceTree = "<group>"; };
		59D722BD16E57A5F002D6B0A /* WebViewController.h */ = {isa = PBXFileReference; fileEncoding = 4; lastKnownFileType = sourcecode.c.h; path = WebViewController.h; sourceTree = "<group>"; };
		59D722BE16E57A5F002D6B0A /* WebViewController.m */ = {isa = PBXFileReference; fileEncoding = 4; lastKnownFileType = sourcecode.c.objc; path = WebViewController.m; sourceTree = "<group>"; };
		7C09403E16E5655600055283 /* QuartzCore.framework */ = {isa = PBXFileReference; lastKnownFileType = wrapper.framework; name = QuartzCore.framework; path = System/Library/Frameworks/QuartzCore.framework; sourceTree = SDKROOT; };
		7C09404116E5656F00055283 /* OpenGLES.framework */ = {isa = PBXFileReference; lastKnownFileType = wrapper.framework; name = OpenGLES.framework; path = System/Library/Frameworks/OpenGLES.framework; sourceTree = SDKROOT; };
		7C09404316E5657500055283 /* Security.framework */ = {isa = PBXFileReference; lastKnownFileType = wrapper.framework; name = Security.framework; path = System/Library/Frameworks/Security.framework; sourceTree = SDKROOT; };
		7C113E9D16E535FA005C0B65 /* ClassCartography.app */ = {isa = PBXFileReference; explicitFileType = wrapper.application; includeInIndex = 0; path = ClassCartography.app; sourceTree = BUILT_PRODUCTS_DIR; };
		7C113EA016E535FA005C0B65 /* UIKit.framework */ = {isa = PBXFileReference; lastKnownFileType = wrapper.framework; name = UIKit.framework; path = System/Library/Frameworks/UIKit.framework; sourceTree = SDKROOT; };
		7C113EA216E535FA005C0B65 /* Foundation.framework */ = {isa = PBXFileReference; lastKnownFileType = wrapper.framework; name = Foundation.framework; path = System/Library/Frameworks/Foundation.framework; sourceTree = SDKROOT; };
		7C113EA416E535FA005C0B65 /* CoreGraphics.framework */ = {isa = PBXFileReference; lastKnownFileType = wrapper.framework; name = CoreGraphics.framework; path = System/Library/Frameworks/CoreGraphics.framework; sourceTree = SDKROOT; };
		7C113EA616E535FA005C0B65 /* CoreData.framework */ = {isa = PBXFileReference; lastKnownFileType = wrapper.framework; name = CoreData.framework; path = System/Library/Frameworks/CoreData.framework; sourceTree = SDKROOT; };
		7C113EC216E535FA005C0B65 /* ClassCartographyTests.octest */ = {isa = PBXFileReference; explicitFileType = wrapper.cfbundle; includeInIndex = 0; path = ClassCartographyTests.octest; sourceTree = BUILT_PRODUCTS_DIR; };
		7C36688616E566A70085FDBB /* ShinobiCharts.framework */ = {isa = PBXFileReference; lastKnownFileType = wrapper.framework; name = ShinobiCharts.framework; path = ClassCartography/Classes/Frameworks/ShinobiCharts.framework; sourceTree = "<group>"; };
		7C36688E16E58F230085FDBB /* GraphData.h */ = {isa = PBXFileReference; fileEncoding = 4; lastKnownFileType = sourcecode.c.h; path = GraphData.h; sourceTree = "<group>"; };
		7C36688F16E58F230085FDBB /* ShinobiChart+LineChart.h */ = {isa = PBXFileReference; fileEncoding = 4; lastKnownFileType = sourcecode.c.h; path = "ShinobiChart+LineChart.h"; sourceTree = "<group>"; };
		7C36689016E58F230085FDBB /* ShinobiChart+LineChart.m */ = {isa = PBXFileReference; fileEncoding = 4; lastKnownFileType = sourcecode.c.objc; path = "ShinobiChart+LineChart.m"; sourceTree = "<group>"; };
		7C36689116E58F230085FDBB /* StudentData.h */ = {isa = PBXFileReference; fileEncoding = 4; lastKnownFileType = sourcecode.c.h; path = StudentData.h; sourceTree = "<group>"; };
		7C36689216E58F230085FDBB /* StudentData.m */ = {isa = PBXFileReference; fileEncoding = 4; lastKnownFileType = sourcecode.c.objc; path = StudentData.m; sourceTree = "<group>"; };
		7C68CB0016E5638600CD4AAC /* Default-Landscape@2x~ipad.png */ = {isa = PBXFileReference; lastKnownFileType = image.png; path = "Default-Landscape@2x~ipad.png"; sourceTree = "<group>"; };
		7C68CB0116E5638600CD4AAC /* Default-Landscape~ipad.png */ = {isa = PBXFileReference; lastKnownFileType = image.png; path = "Default-Landscape~ipad.png"; sourceTree = "<group>"; };
		7C765CE616E76C6800721AAD /* InterventionView.h */ = {isa = PBXFileReference; fileEncoding = 4; lastKnownFileType = sourcecode.c.h; path = InterventionView.h; sourceTree = "<group>"; };
		7C765CE716E76C6800721AAD /* InterventionView.m */ = {isa = PBXFileReference; fileEncoding = 4; lastKnownFileType = sourcecode.c.objc; path = InterventionView.m; sourceTree = "<group>"; };
		7C765CE916E76F1900721AAD /* InterventionTableViewCell.h */ = {isa = PBXFileReference; fileEncoding = 4; lastKnownFileType = sourcecode.c.h; path = InterventionTableViewCell.h; sourceTree = "<group>"; };
		7C765CEA16E76F1900721AAD /* InterventionTableViewCell.m */ = {isa = PBXFileReference; fileEncoding = 4; lastKnownFileType = sourcecode.c.objc; path = InterventionTableViewCell.m; sourceTree = "<group>"; };
		7CAF48C616E55D5B004931D5 /* PhotoView.h */ = {isa = PBXFileReference; fileEncoding = 4; lastKnownFileType = sourcecode.c.h; path = PhotoView.h; sourceTree = "<group>"; };
		7CAF48C716E55D5B004931D5 /* PhotoView.m */ = {isa = PBXFileReference; fileEncoding = 4; lastKnownFileType = sourcecode.c.objc; path = PhotoView.m; sourceTree = "<group>"; };
		7CAF48C916E55D72004931D5 /* GraphView.h */ = {isa = PBXFileReference; fileEncoding = 4; lastKnownFileType = sourcecode.c.h; path = GraphView.h; sourceTree = "<group>"; };
		7CAF48CA16E55D72004931D5 /* GraphView.m */ = {isa = PBXFileReference; fileEncoding = 4; lastKnownFileType = sourcecode.c.objc; path = GraphView.m; sourceTree = "<group>"; };
		7CAF48CC16E55D89004931D5 /* FeedbackView.h */ = {isa = PBXFileReference; fileEncoding = 4; lastKnownFileType = sourcecode.c.h; path = FeedbackView.h; sourceTree = "<group>"; };
		7CAF48CD16E55D89004931D5 /* FeedbackView.m */ = {isa = PBXFileReference; fileEncoding = 4; lastKnownFileType = sourcecode.c.objc; path = FeedbackView.m; sourceTree = "<group>"; };
		7CAF48CF16E55D99004931D5 /* CommentView.h */ = {isa = PBXFileReference; fileEncoding = 4; lastKnownFileType = sourcecode.c.h; path = CommentView.h; sourceTree = "<group>"; };
		7CAF48D016E55D9A004931D5 /* CommentView.m */ = {isa = PBXFileReference; fileEncoding = 4; lastKnownFileType = sourcecode.c.objc; path = CommentView.m; sourceTree = "<group>"; };
		7CAF48D216E55DA6004931D5 /* NotificationView.h */ = {isa = PBXFileReference; fileEncoding = 4; lastKnownFileType = sourcecode.c.h; path = NotificationView.h; sourceTree = "<group>"; };
		7CAF48D316E55DA6004931D5 /* NotificationView.m */ = {isa = PBXFileReference; fileEncoding = 4; lastKnownFileType = sourcecode.c.objc; path = NotificationView.m; sourceTree = "<group>"; };
		7CAF48D616E55E88004931D5 /* Adamas-Regular.otf */ = {isa = PBXFileReference; lastKnownFileType = file; path = "Adamas-Regular.otf"; sourceTree = "<group>"; };
		7CAF48D716E55E88004931D5 /* Quicksand_Book.otf */ = {isa = PBXFileReference; lastKnownFileType = file; path = Quicksand_Book.otf; sourceTree = "<group>"; };
		7CAF48D816E55E88004931D5 /* Quicksand_Light.otf */ = {isa = PBXFileReference; lastKnownFileType = file; path = Quicksand_Light.otf; sourceTree = "<group>"; };
		7CAF48DA16E55E88004931D5 /* classcart-logo.png */ = {isa = PBXFileReference; lastKnownFileType = image.png; path = "classcart-logo.png"; sourceTree = "<group>"; };
		7CAF48DE16E55E88004931D5 /* login-logo.png */ = {isa = PBXFileReference; lastKnownFileType = image.png; path = "login-logo.png"; sourceTree = "<group>"; };
		7CAF841416E6A8D300C0212D /* haku@2x.png */ = {isa = PBXFileReference; lastKnownFileType = image.png; path = "haku@2x.png"; sourceTree = "<group>"; };
		7CAF841616E6A9DA00C0212D /* temp2@2x.png */ = {isa = PBXFileReference; lastKnownFileType = image.png; path = "temp2@2x.png"; sourceTree = "<group>"; };
		7CAF841716E6A9DA00C0212D /* temp3@2x.png */ = {isa = PBXFileReference; lastKnownFileType = image.png; path = "temp3@2x.png"; sourceTree = "<group>"; };
		7CBAB0F716E5C25E0047A2E3 /* Icon.png */ = {isa = PBXFileReference; lastKnownFileType = image.png; path = Icon.png; sourceTree = "<group>"; };
		7CBAB0F816E5C25E0047A2E3 /* Icon@2x.png */ = {isa = PBXFileReference; lastKnownFileType = image.png; path = "Icon@2x.png"; sourceTree = "<group>"; };
		7CBAB0F916E5C25E0047A2E3 /* login-logo@2x.png */ = {isa = PBXFileReference; lastKnownFileType = image.png; path = "login-logo@2x.png"; sourceTree = "<group>"; };
		7CBAB0FD16E5C48A0047A2E3 /* ShinobiChart+PieCharts.h */ = {isa = PBXFileReference; fileEncoding = 4; lastKnownFileType = sourcecode.c.h; path = "ShinobiChart+PieCharts.h"; sourceTree = "<group>"; };
		7CBAB0FE16E5C48A0047A2E3 /* ShinobiChart+PieCharts.m */ = {isa = PBXFileReference; fileEncoding = 4; lastKnownFileType = sourcecode.c.objc; path = "ShinobiChart+PieCharts.m"; sourceTree = "<group>"; };
		7CBAB10016E5C4A60047A2E3 /* PieData.h */ = {isa = PBXFileReference; fileEncoding = 4; lastKnownFileType = sourcecode.c.h; path = PieData.h; sourceTree = "<group>"; };
		7CBAB10416E5C5CC0047A2E3 /* FeedbackData.h */ = {isa = PBXFileReference; fileEncoding = 4; lastKnownFileType = sourcecode.c.h; path = FeedbackData.h; sourceTree = "<group>"; };
		7CBAB10516E5C5CC0047A2E3 /* FeedbackData.m */ = {isa = PBXFileReference; fileEncoding = 4; lastKnownFileType = sourcecode.c.objc; path = FeedbackData.m; sourceTree = "<group>"; };
		7CBAB10716E5FEF70047A2E3 /* CommentTableViewCell.h */ = {isa = PBXFileReference; fileEncoding = 4; lastKnownFileType = sourcecode.c.h; path = CommentTableViewCell.h; sourceTree = "<group>"; };
		7CBAB10816E5FEF70047A2E3 /* CommentTableViewCell.m */ = {isa = PBXFileReference; fileEncoding = 4; lastKnownFileType = sourcecode.c.objc; path = CommentTableViewCell.m; sourceTree = "<group>"; };
		7CBAB10A16E604FC0047A2E3 /* temp@2x.png */ = {isa = PBXFileReference; lastKnownFileType = image.png; path = "temp@2x.png"; sourceTree = "<group>"; };
		7CBAB10C16E66D850047A2E3 /* itemstars-4.png */ = {isa = PBXFileReference; lastKnownFileType = image.png; path = "itemstars-4.png"; sourceTree = "<group>"; };
		7CBAB10E16E66FCA0047A2E3 /* itemstars-3.png */ = {isa = PBXFileReference; lastKnownFileType = image.png; path = "itemstars-3.png"; sourceTree = "<group>"; };
		7CBAB10F16E66FCA0047A2E3 /* itemstars-5.png */ = {isa = PBXFileReference; lastKnownFileType = image.png; path = "itemstars-5.png"; sourceTree = "<group>"; };
		7CBAB11216E6729A0047A2E3 /* itemstars-5@2x.png */ = {isa = PBXFileReference; lastKnownFileType = image.png; path = "itemstars-5@2x.png"; sourceTree = "<group>"; };
		7CBAB11416E67DFB0047A2E3 /* NotificationTableViewCell.h */ = {isa = PBXFileReference; fileEncoding = 4; lastKnownFileType = sourcecode.c.h; path = NotificationTableViewCell.h; sourceTree = "<group>"; };
		7CBAB11516E67DFC0047A2E3 /* NotificationTableViewCell.m */ = {isa = PBXFileReference; fileEncoding = 4; lastKnownFileType = sourcecode.c.objc; path = NotificationTableViewCell.m; sourceTree = "<group>"; };
		7CBAB11716E683860047A2E3 /* star@2x.png */ = {isa = PBXFileReference; lastKnownFileType = image.png; path = "star@2x.png"; sourceTree = "<group>"; };
		7CBAB11816E683860047A2E3 /* warning@2x.png */ = {isa = PBXFileReference; lastKnownFileType = image.png; path = "warning@2x.png"; sourceTree = "<group>"; };
		7CBAB11E16E697F10047A2E3 /* GradeView.h */ = {isa = PBXFileReference; fileEncoding = 4; lastKnownFileType = sourcecode.c.h; path = GradeView.h; sourceTree = "<group>"; };
		7CBAB11F16E697F20047A2E3 /* GradeView.m */ = {isa = PBXFileReference; fileEncoding = 4; lastKnownFileType = sourcecode.c.objc; path = GradeView.m; sourceTree = "<group>"; };
		7CBAB12416E69EC30047A2E3 /* StudentDashboardViewController.h */ = {isa = PBXFileReference; fileEncoding = 4; lastKnownFileType = sourcecode.c.h; path = StudentDashboardViewController.h; sourceTree = "<group>"; };
		7CBAB12516E69EC40047A2E3 /* StudentDashboardViewController.m */ = {isa = PBXFileReference; fileEncoding = 4; lastKnownFileType = sourcecode.c.objc; path = StudentDashboardViewController.m; sourceTree = "<group>"; };
		7CE7CD1416E77494005D5B5E /* StudentGraphView.h */ = {isa = PBXFileReference; fileEncoding = 4; lastKnownFileType = sourcecode.c.h; path = StudentGraphView.h; sourceTree = "<group>"; };
		7CE7CD1516E77494005D5B5E /* StudentGraphView.m */ = {isa = PBXFileReference; fileEncoding = 4; lastKnownFileType = sourcecode.c.objc; path = StudentGraphView.m; sourceTree = "<group>"; };
		7CE7CD1716E7750B005D5B5E /* SingleStudentData.h */ = {isa = PBXFileReference; fileEncoding = 4; lastKnownFileType = sourcecode.c.h; path = SingleStudentData.h; sourceTree = "<group>"; };
		7CE7CD1816E7750B005D5B5E /* SingleStudentData.m */ = {isa = PBXFileReference; fileEncoding = 4; lastKnownFileType = sourcecode.c.objc; path = SingleStudentData.m; sourceTree = "<group>"; };
		7CE7CD1A16E78229005D5B5E /* intervention1.png */ = {isa = PBXFileReference; lastKnownFileType = image.png; path = intervention1.png; sourceTree = "<group>"; };
		7CE7CD1B16E78229005D5B5E /* intervention2.png */ = {isa = PBXFileReference; lastKnownFileType = image.png; path = intervention2.png; sourceTree = "<group>"; };
		7CE7CD1C16E78229005D5B5E /* intervention3.png */ = {isa = PBXFileReference; lastKnownFileType = image.png; path = intervention3.png; sourceTree = "<group>"; };
/* End PBXFileReference section */

/* Begin PBXFrameworksBuildPhase section */
		7C113E9A16E535FA005C0B65 /* Frameworks */ = {
			isa = PBXFrameworksBuildPhase;
			buildActionMask = 2147483647;
			files = (
				7C36688816E566BA0085FDBB /* ShinobiCharts.framework in Frameworks */,
				7C09404616E5658700055283 /* Security.framework in Frameworks */,
				7C09404516E5658200055283 /* OpenGLES.framework in Frameworks */,
				7C09404016E5656500055283 /* QuartzCore.framework in Frameworks */,
				7C113EA116E535FA005C0B65 /* UIKit.framework in Frameworks */,
				7C113EA316E535FA005C0B65 /* Foundation.framework in Frameworks */,
				7C113EA516E535FA005C0B65 /* CoreGraphics.framework in Frameworks */,
				7C113EA716E535FA005C0B65 /* CoreData.framework in Frameworks */,
			);
			runOnlyForDeploymentPostprocessing = 0;
		};
		7C113EBE16E535FA005C0B65 /* Frameworks */ = {
			isa = PBXFrameworksBuildPhase;
			buildActionMask = 2147483647;
			files = (
				7C113EC516E535FA005C0B65 /* UIKit.framework in Frameworks */,
				7C113EC616E535FA005C0B65 /* Foundation.framework in Frameworks */,
				7C113EC716E535FA005C0B65 /* CoreData.framework in Frameworks */,
			);
			runOnlyForDeploymentPostprocessing = 0;
		};
/* End PBXFrameworksBuildPhase section */

/* Begin PBXGroup section */
		5923428F16E5545C008E4AEE /* Tests */ = {
			isa = PBXGroup;
			children = (
				5923429816E55484008E4AEE /* Supporting Files */,
			);
			path = Tests;
			sourceTree = "<group>";
		};
		5923429816E55484008E4AEE /* Supporting Files */ = {
			isa = PBXGroup;
			children = (
				5923429016E5545C008E4AEE /* ClassCartographyTests-Info.plist */,
				5923429316E5545C008E4AEE /* InfoPlist.strings */,
			);
			name = "Supporting Files";
			sourceTree = "<group>";
		};
		5923429C16E5569E008E4AEE /* Resources */ = {
			isa = PBXGroup;
			children = (
				7CAF48D516E55E88004931D5 /* fonts */,
				7CAF48D916E55E88004931D5 /* images */,
			);
			name = Resources;
			sourceTree = "<group>";
		};
		592342BF16E557EA008E4AEE /* Classes */ = {
			isa = PBXGroup;
			children = (
				592342CA16E558FD008E4AEE /* AppDelegate.h */,
				592342CB16E558FD008E4AEE /* AppDelegate.m */,
				5923430D16E55970008E4AEE /* External */,
				5923434B16E5598B008E4AEE /* Handlers */,
				5923434E16E5598B008E4AEE /* Objects */,
				5923435316E559B1008E4AEE /* ViewControllers */,
				5923435E16E559B1008E4AEE /* Views */,
			);
			name = Classes;
			sourceTree = "<group>";
		};
		5923430D16E55970008E4AEE /* External */ = {
			isa = PBXGroup;
			children = (
				5923430E16E55970008E4AEE /* AFNetworking */,
				5923432216E55970008E4AEE /* SBJson */,
			);
			name = External;
			path = Classes/External;
			sourceTree = "<group>";
		};
		5923430E16E55970008E4AEE /* AFNetworking */ = {
			isa = PBXGroup;
			children = (
				5923430F16E55970008E4AEE /* AFHTTPClient.h */,
				5923431016E55970008E4AEE /* AFHTTPClient.m */,
				5923431116E55970008E4AEE /* AFHTTPRequestOperation.h */,
				5923431216E55970008E4AEE /* AFHTTPRequestOperation.m */,
				5923431316E55970008E4AEE /* AFImageRequestOperation.h */,
				5923431416E55970008E4AEE /* AFImageRequestOperation.m */,
				5923431516E55970008E4AEE /* AFJSONRequestOperation.h */,
				5923431616E55970008E4AEE /* AFJSONRequestOperation.m */,
				5923431716E55970008E4AEE /* AFNetworkActivityIndicatorManager.h */,
				5923431816E55970008E4AEE /* AFNetworkActivityIndicatorManager.m */,
				5923431916E55970008E4AEE /* AFNetworking.h */,
				5923431A16E55970008E4AEE /* AFPropertyListRequestOperation.h */,
				5923431B16E55970008E4AEE /* AFPropertyListRequestOperation.m */,
				5923431C16E55970008E4AEE /* AFURLConnectionOperation.h */,
				5923431D16E55970008E4AEE /* AFURLConnectionOperation.m */,
				5923431E16E55970008E4AEE /* AFXMLRequestOperation.h */,
				5923431F16E55970008E4AEE /* AFXMLRequestOperation.m */,
				5923432016E55970008E4AEE /* UIImageView+AFNetworking.h */,
				5923432116E55970008E4AEE /* UIImageView+AFNetworking.m */,
			);
			path = AFNetworking;
			sourceTree = "<group>";
		};
		5923432216E55970008E4AEE /* SBJson */ = {
			isa = PBXGroup;
			children = (
				5923432316E55970008E4AEE /* SBJson.h */,
				5923432416E55970008E4AEE /* SBJsonParser.h */,
				5923432516E55970008E4AEE /* SBJsonParser.m */,
				5923432616E55970008E4AEE /* SBJsonStreamParser.h */,
				5923432716E55970008E4AEE /* SBJsonStreamParser.m */,
				5923432816E55970008E4AEE /* SBJsonStreamParserAccumulator.h */,
				5923432916E55970008E4AEE /* SBJsonStreamParserAccumulator.m */,
				5923432A16E55970008E4AEE /* SBJsonStreamParserAdapter.h */,
				5923432B16E55970008E4AEE /* SBJsonStreamParserAdapter.m */,
				5923432C16E55970008E4AEE /* SBJsonStreamParserState.h */,
				5923432D16E55970008E4AEE /* SBJsonStreamParserState.m */,
				5923432E16E55970008E4AEE /* SBJsonStreamTokeniser.h */,
				5923432F16E55970008E4AEE /* SBJsonStreamTokeniser.m */,
				5923433016E55970008E4AEE /* SBJsonStreamWriter.h */,
				5923433116E55970008E4AEE /* SBJsonStreamWriter.m */,
				5923433216E55970008E4AEE /* SBJsonStreamWriterAccumulator.h */,
				5923433316E55970008E4AEE /* SBJsonStreamWriterAccumulator.m */,
				5923433416E55970008E4AEE /* SBJsonStreamWriterState.h */,
				5923433516E55970008E4AEE /* SBJsonStreamWriterState.m */,
				5923433616E55970008E4AEE /* SBJsonWriter.h */,
				5923433716E55970008E4AEE /* SBJsonWriter.m */,
			);
			path = SBJson;
			sourceTree = "<group>";
		};
		5923434B16E5598B008E4AEE /* Handlers */ = {
			isa = PBXGroup;
			children = (
				5923434C16E5598B008E4AEE /* InBloomAPIHandler.h */,
				5923434D16E5598B008E4AEE /* InBloomAPIHandler.m */,
				5923590716E59B06008CD31F /* UserHandler.h */,
				5923590816E59B06008CD31F /* UserHandler.m */,
			);
			name = Handlers;
			path = Classes/Handlers;
			sourceTree = "<group>";
		};
		5923434E16E5598B008E4AEE /* Objects */ = {
			isa = PBXGroup;
			children = (
				7CBAB10416E5C5CC0047A2E3 /* FeedbackData.h */,
				7CBAB10516E5C5CC0047A2E3 /* FeedbackData.m */,
				7C36688E16E58F230085FDBB /* GraphData.h */,
				7CBAB10016E5C4A60047A2E3 /* PieData.h */,
				59096E0D16E74EEA00F9B970 /* Section.h */,
				59096E0E16E74EEA00F9B970 /* Section.m */,
				7C36688F16E58F230085FDBB /* ShinobiChart+LineChart.h */,
				7C36689016E58F230085FDBB /* ShinobiChart+LineChart.m */,
				7CBAB0FD16E5C48A0047A2E3 /* ShinobiChart+PieCharts.h */,
				7CBAB0FE16E5C48A0047A2E3 /* ShinobiChart+PieCharts.m */,
				59096E0A16E74DB200F9B970 /* Student.h */,
				59096E0B16E74DB200F9B970 /* Student.m */,
				7C36689116E58F230085FDBB /* StudentData.h */,
				7C36689216E58F230085FDBB /* StudentData.m */,
				59096E1016E74EF800F9B970 /* User.h */,
				59096E1116E74EF800F9B970 /* User.m */,
				7CE7CD1716E7750B005D5B5E /* SingleStudentData.h */,
				7CE7CD1816E7750B005D5B5E /* SingleStudentData.m */,
			);
			name = Objects;
			path = Classes/Objects;
			sourceTree = "<group>";
		};
		5923435316E559B1008E4AEE /* ViewControllers */ = {
			isa = PBXGroup;
			children = (
				5923435416E559B1008E4AEE /* DashboardViewController.h */,
				5923435516E559B1008E4AEE /* DashboardViewController.m */,
				5923435616E559B1008E4AEE /* LoginViewController.h */,
				5923435716E559B1008E4AEE /* LoginViewController.m */,
				7CBAB12416E69EC30047A2E3 /* StudentDashboardViewController.h */,
				7CBAB12516E69EC40047A2E3 /* StudentDashboardViewController.m */,
				59AD0E9D16E76CF200C612DE /* StudentsViewController.h */,
				59AD0E9E16E76CF200C612DE /* StudentsViewController.m */,
				5923435B16E559B1008E4AEE /* TeacherDashboardViewController.h */,
				5923435C16E559B1008E4AEE /* TeacherDashboardViewController.m */,
				59D722BD16E57A5F002D6B0A /* WebViewController.h */,
				59D722BE16E57A5F002D6B0A /* WebViewController.m */,
			);
			name = ViewControllers;
			path = Classes/ViewControllers;
			sourceTree = "<group>";
		};
		5923435E16E559B1008E4AEE /* Views */ = {
			isa = PBXGroup;
			children = (
				5980FA2C16E697D100213F67 /* ClassesPopoverBackgroundView.h */,
				5980FA2D16E697D100213F67 /* ClassesPopoverBackgroundView.m */,
				5923435F16E559B1008E4AEE /* LoginView.xib */,
				5923436116E559B1008E4AEE /* TeacherDashboardView.xib */,
				7CAF48C616E55D5B004931D5 /* PhotoView.h */,
				7CAF48C716E55D5B004931D5 /* PhotoView.m */,
				7CAF48C916E55D72004931D5 /* GraphView.h */,
				7CAF48CA16E55D72004931D5 /* GraphView.m */,
				7CBAB11E16E697F10047A2E3 /* GradeView.h */,
				7CBAB11F16E697F20047A2E3 /* GradeView.m */,
				7CAF48CC16E55D89004931D5 /* FeedbackView.h */,
				7CAF48CD16E55D89004931D5 /* FeedbackView.m */,
				7CAF48CF16E55D99004931D5 /* CommentView.h */,
				7CAF48D016E55D9A004931D5 /* CommentView.m */,
				7CAF48D216E55DA6004931D5 /* NotificationView.h */,
				7CAF48D316E55DA6004931D5 /* NotificationView.m */,
				7CBAB10716E5FEF70047A2E3 /* CommentTableViewCell.h */,
				7CBAB10816E5FEF70047A2E3 /* CommentTableViewCell.m */,
				7CBAB11416E67DFB0047A2E3 /* NotificationTableViewCell.h */,
				7CBAB11516E67DFC0047A2E3 /* NotificationTableViewCell.m */,
				7C765CE616E76C6800721AAD /* InterventionView.h */,
				7C765CE716E76C6800721AAD /* InterventionView.m */,
				7C765CE916E76F1900721AAD /* InterventionTableViewCell.h */,
				7C765CEA16E76F1900721AAD /* InterventionTableViewCell.m */,
				7CE7CD1416E77494005D5B5E /* StudentGraphView.h */,
				7CE7CD1516E77494005D5B5E /* StudentGraphView.m */,
			);
			name = Views;
			path = Classes/Views;
			sourceTree = "<group>";
		};
		7C113E9416E535FA005C0B65 = {
			isa = PBXGroup;
			children = (
				7C113EA816E535FA005C0B65 /* ClassCartography */,
				5923428F16E5545C008E4AEE /* Tests */,
				7C113E9F16E535FA005C0B65 /* Frameworks */,
				7C113E9E16E535FA005C0B65 /* Products */,
			);
			sourceTree = "<group>";
		};
		7C113E9E16E535FA005C0B65 /* Products */ = {
			isa = PBXGroup;
			children = (
				7C113E9D16E535FA005C0B65 /* ClassCartography.app */,
				7C113EC216E535FA005C0B65 /* ClassCartographyTests.octest */,
			);
			name = Products;
			sourceTree = "<group>";
		};
		7C113E9F16E535FA005C0B65 /* Frameworks */ = {
			isa = PBXGroup;
			children = (
				7C36688616E566A70085FDBB /* ShinobiCharts.framework */,
				7C09404316E5657500055283 /* Security.framework */,
				7C09404116E5656F00055283 /* OpenGLES.framework */,
				7C09403E16E5655600055283 /* QuartzCore.framework */,
				7C113EA016E535FA005C0B65 /* UIKit.framework */,
				7C113EA216E535FA005C0B65 /* Foundation.framework */,
				7C113EA416E535FA005C0B65 /* CoreGraphics.framework */,
				7C113EA616E535FA005C0B65 /* CoreData.framework */,
			);
			name = Frameworks;
			sourceTree = "<group>";
		};
		7C113EA816E535FA005C0B65 /* ClassCartography */ = {
			isa = PBXGroup;
			children = (
				592342BF16E557EA008E4AEE /* Classes */,
				5923429C16E5569E008E4AEE /* Resources */,
				7C113EA916E535FA005C0B65 /* Supporting Files */,
			);
			path = ClassCartography;
			sourceTree = "<group>";
		};
		7C113EA916E535FA005C0B65 /* Supporting Files */ = {
			isa = PBXGroup;
			children = (
				592342C016E5586C008E4AEE /* ClassCartography-Info.plist */,
				592342C116E5586C008E4AEE /* ClassCartography-Prefix.pch */,
				592342B916E557C0008E4AEE /* ClassCartography.xcdatamodeld */,
				592342C716E558C1008E4AEE /* InfoPlist.strings */,
				592342C216E5586C008E4AEE /* main.m */,
			);
			name = "Supporting Files";
			sourceTree = "<group>";
		};
		7CAF48D516E55E88004931D5 /* fonts */ = {
			isa = PBXGroup;
			children = (
				7CAF48D616E55E88004931D5 /* Adamas-Regular.otf */,
				59AD0E9B16E7651700C612DE /* Quicksand_Bold.otf */,
				7CAF48D716E55E88004931D5 /* Quicksand_Book.otf */,
				7CAF48D816E55E88004931D5 /* Quicksand_Light.otf */,
			);
			path = fonts;
			sourceTree = SOURCE_ROOT;
		};
		7CAF48D916E55E88004931D5 /* images */ = {
			isa = PBXGroup;
			children = (
				7CE7CD1A16E78229005D5B5E /* intervention1.png */,
				7CE7CD1B16E78229005D5B5E /* intervention2.png */,
				7CE7CD1C16E78229005D5B5E /* intervention3.png */,
				7CAF841616E6A9DA00C0212D /* temp2@2x.png */,
				7CAF841716E6A9DA00C0212D /* temp3@2x.png */,
				7CAF841416E6A8D300C0212D /* haku@2x.png */,
				7CBAB11716E683860047A2E3 /* star@2x.png */,
				7CBAB11816E683860047A2E3 /* warning@2x.png */,
				7CBAB11216E6729A0047A2E3 /* itemstars-5@2x.png */,
				7CBAB10E16E66FCA0047A2E3 /* itemstars-3.png */,
				7CBAB10F16E66FCA0047A2E3 /* itemstars-5.png */,
				7CBAB10C16E66D850047A2E3 /* itemstars-4.png */,
				7CBAB10A16E604FC0047A2E3 /* temp@2x.png */,
				5923591416E5E846008CD31F /* stock-img.jpg */,
				7CAF48DA16E55E88004931D5 /* classcart-logo.png */,
				5923590A16E5B8F1008CD31F /* classcart-logo@2x.png */,
				7C68CB0116E5638600CD4AAC /* Default-Landscape~ipad.png */,
				7C68CB0016E5638600CD4AAC /* Default-Landscape@2x~ipad.png */,
				7CBAB0F716E5C25E0047A2E3 /* Icon.png */,
				7CBAB0F816E5C25E0047A2E3 /* Icon@2x.png */,
				7CAF48DE16E55E88004931D5 /* login-logo.png */,
				7CBAB0F916E5C25E0047A2E3 /* login-logo@2x.png */,
				5923590C16E5BB04008CD31F /* nav-bg.png */,
				5923590D16E5BB04008CD31F /* nav-bg@2x.png */,
				5923591016E5E0D2008CD31F /* photo-bg.png */,
				5923591116E5E0D2008CD31F /* photo-bg@2x.png */,
				59015AD916E6A88000FDA4E0 /* popover-arrow.png */,
				59015ADA16E6A88000FDA4E0 /* popover-bg.png */,
			);
			path = images;
			sourceTree = SOURCE_ROOT;
		};
/* End PBXGroup section */

/* Begin PBXNativeTarget section */
		7C113E9C16E535FA005C0B65 /* ClassCartography */ = {
			isa = PBXNativeTarget;
			buildConfigurationList = 7C113ED516E535FA005C0B65 /* Build configuration list for PBXNativeTarget "ClassCartography" */;
			buildPhases = (
				7C113E9916E535FA005C0B65 /* Sources */,
				7C113E9A16E535FA005C0B65 /* Frameworks */,
				7C113E9B16E535FA005C0B65 /* Resources */,
			);
			buildRules = (
			);
			dependencies = (
			);
			name = ClassCartography;
			productName = ClassCartography;
			productReference = 7C113E9D16E535FA005C0B65 /* ClassCartography.app */;
			productType = "com.apple.product-type.application";
		};
		7C113EC116E535FA005C0B65 /* ClassCartographyTests */ = {
			isa = PBXNativeTarget;
			buildConfigurationList = 7C113ED816E535FA005C0B65 /* Build configuration list for PBXNativeTarget "ClassCartographyTests" */;
			buildPhases = (
				7C113EBD16E535FA005C0B65 /* Sources */,
				7C113EBE16E535FA005C0B65 /* Frameworks */,
				7C113EBF16E535FA005C0B65 /* Resources */,
				7C113EC016E535FA005C0B65 /* ShellScript */,
			);
			buildRules = (
			);
			dependencies = (
				7C113EC916E535FA005C0B65 /* PBXTargetDependency */,
			);
			name = ClassCartographyTests;
			productName = ClassCartographyTests;
			productReference = 7C113EC216E535FA005C0B65 /* ClassCartographyTests.octest */;
			productType = "com.apple.product-type.bundle";
		};
/* End PBXNativeTarget section */

/* Begin PBXProject section */
		7C113E9516E535FA005C0B65 /* Project object */ = {
			isa = PBXProject;
			attributes = {
				LastUpgradeCheck = 0460;
			};
			buildConfigurationList = 7C113E9816E535FA005C0B65 /* Build configuration list for PBXProject "ClassCartography" */;
			compatibilityVersion = "Xcode 3.2";
			developmentRegion = English;
			hasScannedForEncodings = 0;
			knownRegions = (
				en,
			);
			mainGroup = 7C113E9416E535FA005C0B65;
			productRefGroup = 7C113E9E16E535FA005C0B65 /* Products */;
			projectDirPath = "";
			projectRoot = "";
			targets = (
				7C113E9C16E535FA005C0B65 /* ClassCartography */,
				7C113EC116E535FA005C0B65 /* ClassCartographyTests */,
			);
		};
/* End PBXProject section */

/* Begin PBXResourcesBuildPhase section */
		7C113E9B16E535FA005C0B65 /* Resources */ = {
			isa = PBXResourcesBuildPhase;
			buildActionMask = 2147483647;
			files = (
				5923436816E559B1008E4AEE /* LoginView.xib in Resources */,
				5923436A16E559B1008E4AEE /* TeacherDashboardView.xib in Resources */,
				7CAF48DF16E55E88004931D5 /* Adamas-Regular.otf in Resources */,
				7CAF48E016E55E88004931D5 /* Quicksand_Book.otf in Resources */,
				7CAF48E116E55E88004931D5 /* Quicksand_Light.otf in Resources */,
				7CAF48E216E55E88004931D5 /* classcart-logo.png in Resources */,
				7CAF48E616E55E88004931D5 /* login-logo.png in Resources */,
				7C68CB0216E5638600CD4AAC /* Default-Landscape@2x~ipad.png in Resources */,
				7C68CB0316E5638600CD4AAC /* Default-Landscape~ipad.png in Resources */,
				5923590B16E5B8F1008CD31F /* classcart-logo@2x.png in Resources */,
				5923590E16E5BB04008CD31F /* nav-bg.png in Resources */,
				5923590F16E5BB04008CD31F /* nav-bg@2x.png in Resources */,
				7CBAB0FA16E5C25E0047A2E3 /* Icon.png in Resources */,
				7CBAB0FB16E5C25E0047A2E3 /* Icon@2x.png in Resources */,
				7CBAB0FC16E5C25E0047A2E3 /* login-logo@2x.png in Resources */,
				5923591216E5E0D2008CD31F /* photo-bg.png in Resources */,
				5923591316E5E0D2008CD31F /* photo-bg@2x.png in Resources */,
				5923591516E5E846008CD31F /* stock-img.jpg in Resources */,
				7CBAB10B16E604FC0047A2E3 /* temp@2x.png in Resources */,
				7CBAB10D16E66D850047A2E3 /* itemstars-4.png in Resources */,
				7CBAB11016E66FCA0047A2E3 /* itemstars-3.png in Resources */,
				7CBAB11116E66FCA0047A2E3 /* itemstars-5.png in Resources */,
				7CBAB11316E6729A0047A2E3 /* itemstars-5@2x.png in Resources */,
				7CBAB11916E683860047A2E3 /* star@2x.png in Resources */,
				7CBAB11A16E683860047A2E3 /* warning@2x.png in Resources */,
				7CAF841516E6A8D300C0212D /* haku@2x.png in Resources */,
				7CAF841816E6A9DA00C0212D /* temp2@2x.png in Resources */,
				7CAF841916E6A9DA00C0212D /* temp3@2x.png in Resources */,
				59015ADB16E6A88000FDA4E0 /* popover-arrow.png in Resources */,
				59015ADC16E6A88000FDA4E0 /* popover-bg.png in Resources */,
				59AD0E9C16E7651700C612DE /* Quicksand_Bold.otf in Resources */,
				7CE7CD1D16E78229005D5B5E /* intervention1.png in Resources */,
				7CE7CD1E16E78229005D5B5E /* intervention2.png in Resources */,
				7CE7CD1F16E78229005D5B5E /* intervention3.png in Resources */,
			);
			runOnlyForDeploymentPostprocessing = 0;
		};
		7C113EBF16E535FA005C0B65 /* Resources */ = {
			isa = PBXResourcesBuildPhase;
			buildActionMask = 2147483647;
			files = (
			);
			runOnlyForDeploymentPostprocessing = 0;
		};
/* End PBXResourcesBuildPhase section */

/* Begin PBXShellScriptBuildPhase section */
		7C113EC016E535FA005C0B65 /* ShellScript */ = {
			isa = PBXShellScriptBuildPhase;
			buildActionMask = 2147483647;
			files = (
			);
			inputPaths = (
			);
			outputPaths = (
			);
			runOnlyForDeploymentPostprocessing = 0;
			shellPath = /bin/sh;
			shellScript = "# Run the unit tests in this test bundle.\n\"${SYSTEM_DEVELOPER_DIR}/Tools/RunUnitTests\"\n";
		};
/* End PBXShellScriptBuildPhase section */

/* Begin PBXSourcesBuildPhase section */
		7C113E9916E535FA005C0B65 /* Sources */ = {
			isa = PBXSourcesBuildPhase;
			buildActionMask = 2147483647;
			files = (
				592342C416E5586C008E4AEE /* main.m in Sources */,
				592342CC16E558FD008E4AEE /* AppDelegate.m in Sources */,
				5923433816E55970008E4AEE /* AFHTTPClient.m in Sources */,
				5923433916E55970008E4AEE /* AFHTTPRequestOperation.m in Sources */,
				5923433A16E55970008E4AEE /* AFImageRequestOperation.m in Sources */,
				5923433B16E55970008E4AEE /* AFJSONRequestOperation.m in Sources */,
				5923433C16E55970008E4AEE /* AFNetworkActivityIndicatorManager.m in Sources */,
				5923433D16E55970008E4AEE /* AFPropertyListRequestOperation.m in Sources */,
				5923433E16E55970008E4AEE /* AFURLConnectionOperation.m in Sources */,
				5923433F16E55970008E4AEE /* AFXMLRequestOperation.m in Sources */,
				5923434016E55970008E4AEE /* UIImageView+AFNetworking.m in Sources */,
				5923434116E55970008E4AEE /* SBJsonParser.m in Sources */,
				5923434216E55970008E4AEE /* SBJsonStreamParser.m in Sources */,
				5923434316E55970008E4AEE /* SBJsonStreamParserAccumulator.m in Sources */,
				5923434416E55970008E4AEE /* SBJsonStreamParserAdapter.m in Sources */,
				5923434516E55970008E4AEE /* SBJsonStreamParserState.m in Sources */,
				5923434616E55970008E4AEE /* SBJsonStreamTokeniser.m in Sources */,
				5923434716E55970008E4AEE /* SBJsonStreamWriter.m in Sources */,
				5923434816E55970008E4AEE /* SBJsonStreamWriterAccumulator.m in Sources */,
				5923434916E55970008E4AEE /* SBJsonStreamWriterState.m in Sources */,
				5923434A16E55970008E4AEE /* SBJsonWriter.m in Sources */,
				5923435116E5598B008E4AEE /* InBloomAPIHandler.m in Sources */,
				5923436216E559B1008E4AEE /* DashboardViewController.m in Sources */,
				5923436316E559B1008E4AEE /* LoginViewController.m in Sources */,
				5923436616E559B1008E4AEE /* TeacherDashboardViewController.m in Sources */,
				7CAF48C816E55D5B004931D5 /* PhotoView.m in Sources */,
				7CAF48CB16E55D72004931D5 /* GraphView.m in Sources */,
				7CAF48CE16E55D89004931D5 /* FeedbackView.m in Sources */,
				7CAF48D116E55D9A004931D5 /* CommentView.m in Sources */,
				7CAF48D416E55DA6004931D5 /* NotificationView.m in Sources */,
				59D722BF16E57A5F002D6B0A /* WebViewController.m in Sources */,
				7C36689416E58F230085FDBB /* ShinobiChart+LineChart.m in Sources */,
				7C36689516E58F230085FDBB /* StudentData.m in Sources */,
				5923590916E59B07008CD31F /* UserHandler.m in Sources */,
				7CBAB0FF16E5C48A0047A2E3 /* ShinobiChart+PieCharts.m in Sources */,
				7CBAB10616E5C5CC0047A2E3 /* FeedbackData.m in Sources */,
				7CBAB10916E5FEF80047A2E3 /* CommentTableViewCell.m in Sources */,
				7CBAB11616E67DFC0047A2E3 /* NotificationTableViewCell.m in Sources */,
				7CBAB12016E697F30047A2E3 /* GradeView.m in Sources */,
				7CBAB12616E69EC40047A2E3 /* StudentDashboardViewController.m in Sources */,
				5980FA2E16E697D100213F67 /* ClassesPopoverBackgroundView.m in Sources */,
				59096E0C16E74DB200F9B970 /* Student.m in Sources */,
				59096E0F16E74EEA00F9B970 /* Section.m in Sources */,
				59096E1216E74EF800F9B970 /* User.m in Sources */,
				7C765CE816E76C6800721AAD /* InterventionView.m in Sources */,
				7C765CEB16E76F1900721AAD /* InterventionTableViewCell.m in Sources */,
				59AD0E9F16E76CF200C612DE /* StudentsViewController.m in Sources */,
				7CE7CD1616E77494005D5B5E /* StudentGraphView.m in Sources */,
				7CE7CD1916E7750B005D5B5E /* SingleStudentData.m in Sources */,
			);
			runOnlyForDeploymentPostprocessing = 0;
		};
		7C113EBD16E535FA005C0B65 /* Sources */ = {
			isa = PBXSourcesBuildPhase;
			buildActionMask = 2147483647;
			files = (
			);
			runOnlyForDeploymentPostprocessing = 0;
		};
/* End PBXSourcesBuildPhase section */

/* Begin PBXTargetDependency section */
		7C113EC916E535FA005C0B65 /* PBXTargetDependency */ = {
			isa = PBXTargetDependency;
			target = 7C113E9C16E535FA005C0B65 /* ClassCartography */;
			targetProxy = 7C113EC816E535FA005C0B65 /* PBXContainerItemProxy */;
		};
/* End PBXTargetDependency section */

/* Begin PBXVariantGroup section */
		5923429316E5545C008E4AEE /* InfoPlist.strings */ = {
			isa = PBXVariantGroup;
			children = (
				5923429416E5545C008E4AEE /* en */,
			);
			name = InfoPlist.strings;
			sourceTree = "<group>";
		};
		592342C716E558C1008E4AEE /* InfoPlist.strings */ = {
			isa = PBXVariantGroup;
			children = (
				592342C816E558C1008E4AEE /* en */,
			);
			name = InfoPlist.strings;
			sourceTree = "<group>";
		};
/* End PBXVariantGroup section */

/* Begin XCBuildConfiguration section */
		7C113ED316E535FA005C0B65 /* Debug */ = {
			isa = XCBuildConfiguration;
			buildSettings = {
				ALWAYS_SEARCH_USER_PATHS = NO;
				CLANG_CXX_LANGUAGE_STANDARD = "gnu++0x";
				CLANG_CXX_LIBRARY = "libc++";
				CLANG_ENABLE_OBJC_ARC = YES;
				CLANG_WARN_CONSTANT_CONVERSION = YES;
				CLANG_WARN_EMPTY_BODY = YES;
				CLANG_WARN_ENUM_CONVERSION = YES;
				CLANG_WARN_INT_CONVERSION = YES;
				CLANG_WARN__DUPLICATE_METHOD_MATCH = YES;
				"CODE_SIGN_IDENTITY[sdk=iphoneos*]" = "iPhone Developer";
				COPY_PHASE_STRIP = NO;
				GCC_C_LANGUAGE_STANDARD = gnu99;
				GCC_DYNAMIC_NO_PIC = NO;
				GCC_OPTIMIZATION_LEVEL = 0;
				GCC_PREPROCESSOR_DEFINITIONS = (
					"DEBUG=1",
					"$(inherited)",
				);
				GCC_SYMBOLS_PRIVATE_EXTERN = NO;
				GCC_WARN_ABOUT_RETURN_TYPE = YES;
				GCC_WARN_UNINITIALIZED_AUTOS = YES;
				GCC_WARN_UNUSED_VARIABLE = YES;
				IPHONEOS_DEPLOYMENT_TARGET = 6.1;
				ONLY_ACTIVE_ARCH = YES;
				SDKROOT = iphoneos;
				TARGETED_DEVICE_FAMILY = 2;
			};
			name = Debug;
		};
		7C113ED416E535FA005C0B65 /* Release */ = {
			isa = XCBuildConfiguration;
			buildSettings = {
				ALWAYS_SEARCH_USER_PATHS = NO;
				CLANG_CXX_LANGUAGE_STANDARD = "gnu++0x";
				CLANG_CXX_LIBRARY = "libc++";
				CLANG_ENABLE_OBJC_ARC = YES;
				CLANG_WARN_CONSTANT_CONVERSION = YES;
				CLANG_WARN_EMPTY_BODY = YES;
				CLANG_WARN_ENUM_CONVERSION = YES;
				CLANG_WARN_INT_CONVERSION = YES;
				CLANG_WARN__DUPLICATE_METHOD_MATCH = YES;
				"CODE_SIGN_IDENTITY[sdk=iphoneos*]" = "iPhone Developer";
				COPY_PHASE_STRIP = YES;
				GCC_C_LANGUAGE_STANDARD = gnu99;
				GCC_WARN_ABOUT_RETURN_TYPE = YES;
				GCC_WARN_UNINITIALIZED_AUTOS = YES;
				GCC_WARN_UNUSED_VARIABLE = YES;
				IPHONEOS_DEPLOYMENT_TARGET = 6.1;
				OTHER_CFLAGS = "-DNS_BLOCK_ASSERTIONS=1";
				SDKROOT = iphoneos;
				TARGETED_DEVICE_FAMILY = 2;
				VALIDATE_PRODUCT = YES;
			};
			name = Release;
		};
		7C113ED616E535FA005C0B65 /* Debug */ = {
			isa = XCBuildConfiguration;
			buildSettings = {
				CODE_SIGN_IDENTITY = "iPhone Developer: Chamara Paul (45WXQRENUV)";
				FRAMEWORK_SEARCH_PATHS = (
					"$(inherited)",
					"\"$(SYSTEM_APPS_DIR)/Xcode.app/Contents/Developer/Library/Frameworks\"",
					"\"$(SRCROOT)/../../../../Downloads/ShinobiCharts Trial/ShinobiCharts.embeddedframework\"",
					"\"$(SRCROOT)/ClassCartography/Classes/Frameworks\"",
				);
				GCC_PRECOMPILE_PREFIX_HEADER = YES;
				GCC_PREFIX_HEADER = "ClassCartography/ClassCartography-Prefix.pch";
				INFOPLIST_FILE = "ClassCartography/ClassCartography-Info.plist";
				PRODUCT_NAME = "$(TARGET_NAME)";
				PROVISIONING_PROFILE = "1BBDB960-80DC-496C-946A-8E2D66133E51";
				WRAPPER_EXTENSION = app;
			};
			name = Debug;
		};
		7C113ED716E535FA005C0B65 /* Release */ = {
			isa = XCBuildConfiguration;
			buildSettings = {
				CODE_SIGN_IDENTITY = "iPhone Developer: Chamara Paul (45WXQRENUV)";
				FRAMEWORK_SEARCH_PATHS = (
					"$(inherited)",
					"\"$(SYSTEM_APPS_DIR)/Xcode.app/Contents/Developer/Library/Frameworks\"",
					"\"$(SRCROOT)/../../../../Downloads/ShinobiCharts Trial/ShinobiCharts.embeddedframework\"",
					"\"$(SRCROOT)/ClassCartography/Classes/Frameworks\"",
				);
				GCC_PRECOMPILE_PREFIX_HEADER = YES;
				GCC_PREFIX_HEADER = "ClassCartography/ClassCartography-Prefix.pch";
				INFOPLIST_FILE = "ClassCartography/ClassCartography-Info.plist";
				PRODUCT_NAME = "$(TARGET_NAME)";
				PROVISIONING_PROFILE = "1BBDB960-80DC-496C-946A-8E2D66133E51";
				WRAPPER_EXTENSION = app;
			};
			name = Release;
		};
		7C113ED916E535FA005C0B65 /* Debug */ = {
			isa = XCBuildConfiguration;
			buildSettings = {
				BUNDLE_LOADER = "$(BUILT_PRODUCTS_DIR)/ClassCartography.app/ClassCartography";
				FRAMEWORK_SEARCH_PATHS = (
					"\"$(SDKROOT)/Developer/Library/Frameworks\"",
					"\"$(DEVELOPER_LIBRARY_DIR)/Frameworks\"",
				);
				GCC_PRECOMPILE_PREFIX_HEADER = YES;
				GCC_PREFIX_HEADER = "ClassCartography/ClassCartography-Prefix.pch";
				INFOPLIST_FILE = "ClassCartographyTests/ClassCartographyTests-Info.plist";
				PRODUCT_NAME = "$(TARGET_NAME)";
				TEST_HOST = "$(BUNDLE_LOADER)";
				WRAPPER_EXTENSION = octest;
			};
			name = Debug;
		};
		7C113EDA16E535FA005C0B65 /* Release */ = {
			isa = XCBuildConfiguration;
			buildSettings = {
				BUNDLE_LOADER = "$(BUILT_PRODUCTS_DIR)/ClassCartography.app/ClassCartography";
				FRAMEWORK_SEARCH_PATHS = (
					"\"$(SDKROOT)/Developer/Library/Frameworks\"",
					"\"$(DEVELOPER_LIBRARY_DIR)/Frameworks\"",
				);
				GCC_PRECOMPILE_PREFIX_HEADER = YES;
				GCC_PREFIX_HEADER = "ClassCartography/ClassCartography-Prefix.pch";
				INFOPLIST_FILE = "ClassCartographyTests/ClassCartographyTests-Info.plist";
				PRODUCT_NAME = "$(TARGET_NAME)";
				TEST_HOST = "$(BUNDLE_LOADER)";
				WRAPPER_EXTENSION = octest;
			};
			name = Release;
		};
/* End XCBuildConfiguration section */

/* Begin XCConfigurationList section */
		7C113E9816E535FA005C0B65 /* Build configuration list for PBXProject "ClassCartography" */ = {
			isa = XCConfigurationList;
			buildConfigurations = (
				7C113ED316E535FA005C0B65 /* Debug */,
				7C113ED416E535FA005C0B65 /* Release */,
			);
			defaultConfigurationIsVisible = 0;
			defaultConfigurationName = Release;
		};
		7C113ED516E535FA005C0B65 /* Build configuration list for PBXNativeTarget "ClassCartography" */ = {
			isa = XCConfigurationList;
			buildConfigurations = (
				7C113ED616E535FA005C0B65 /* Debug */,
				7C113ED716E535FA005C0B65 /* Release */,
			);
			defaultConfigurationIsVisible = 0;
			defaultConfigurationName = Release;
		};
		7C113ED816E535FA005C0B65 /* Build configuration list for PBXNativeTarget "ClassCartographyTests" */ = {
			isa = XCConfigurationList;
			buildConfigurations = (
				7C113ED916E535FA005C0B65 /* Debug */,
				7C113EDA16E535FA005C0B65 /* Release */,
			);
			defaultConfigurationIsVisible = 0;
			defaultConfigurationName = Release;
		};
/* End XCConfigurationList section */

/* Begin XCVersionGroup section */
		592342B916E557C0008E4AEE /* ClassCartography.xcdatamodeld */ = {
			isa = XCVersionGroup;
			children = (
				592342BA16E557C0008E4AEE /* ClassCartography.xcdatamodel */,
			);
			currentVersion = 592342BA16E557C0008E4AEE /* ClassCartography.xcdatamodel */;
			path = ClassCartography.xcdatamodeld;
			sourceTree = "<group>";
			versionGroupType = wrapper.xcdatamodel;
		};
/* End XCVersionGroup section */
	};
	rootObject = 7C113E9516E535FA005C0B65 /* Project object */;
}
